
Microsoft Visual Studio Solution File, Format Version 12.00
# Visual Studio 14
VisualStudioVersion = 14.0.25123.0
MinimumVisualStudioVersion = 10.0.40219.1
Project("{FAE04EC0-301F-11D3-BF4B-00C04F79EFBC}") = "XDraw", "XDraw.csproj", "{FEEC034A-F0FF-45C9-B0A1-2FD4ABEEF0CF}"
EndProject
Project("{FAE04EC0-301F-11D3-BF4B-00C04F79EFBC}") = "ColorPicker", "ColorPickerLib\ColorPicker.csproj", "{99E90579-62FC-4898-B168-24F7DBD3A34D}"
EndProject
Global
	GlobalSection(SolutionConfigurationPlatforms) = preSolution
		Debug|Any CPU = Debug|Any CPU
		Release|Any CPU = Release|Any CPU
	EndGlobalSection
	GlobalSection(ProjectConfigurationPlatforms) = postSolution
		{FEEC034A-F0FF-45C9-B0A1-2FD4ABEEF0CF}.Debug|Any CPU.ActiveCfg = Debug|Any CPU
		{FEEC034A-F0FF-45C9-B0A1-2FD4ABEEF0CF}.Debug|Any CPU.Build.0 = Debug|Any CPU
		{FEEC034A-F0FF-45C9-B0A1-2FD4ABEEF0CF}.Release|Any CPU.ActiveCfg = Release|Any CPU
		{FEEC034A-F0FF-45C9-B0A1-2FD4ABEEF0CF}.Release|Any CPU.Build.0 = Release|Any CPU
		{99E90579-62FC-4898-B168-24F7DBD3A34D}.Debug|Any CPU.ActiveCfg = Debug|Any CPU
		{99E90579-62FC-4898-B168-24F7DBD3A34D}.Debug|Any CPU.Build.0 = Debug|Any CPU
		{99E90579-62FC-4898-B168-24F7DBD3A34D}.Release|Any CPU.ActiveCfg = Release|Any CPU
		{99E90579-62FC-4898-B168-24F7DBD3A34D}.Release|Any CPU.Build.0 = Release|Any CPU
	EndGlobalSection
	GlobalSection(SolutionProperties) = preSolution
		HideSolutionNode = FALSE
	EndGlobalSection
	GlobalSection(SubversionScc) = preSolution
		Svn-Managed = True
		Manager = AnkhSVN - Subversion Support for Visual Studio
	EndGlobalSection
EndGlobal
