
Microsoft Visual Studio Solution File, Format Version 10.00
# Visual Studio 2008
Project("{FAE04EC0-301F-11D3-BF4B-00C04F79EFBC}") = "XDraw", "XDraw.csproj", "{FEEC034A-F0FF-45C9-B0A1-2FD4ABEEF0CF}"
EndProject
Project("{FAE04EC0-301F-11D3-BF4B-00C04F79EFBC}") = "ColorPicker", "ColorPickerLib\ColorPicker.csproj", "{99E90579-62FC-4898-B168-24F7DBD3A34D}"
EndProject
Project("{54435603-DBB4-11D2-8724-00A0C9A8B90C}") = "XDrawSetup", "XDrawSetup\XDrawSetup.vdproj", "{5BE35066-03D2-43DA-939D-6B01AE12CFAA}"
EndProject
Global
	GlobalSection(SubversionScc) = preSolution
		Svn-Managed = True
		Manager = AnkhSVN - Subversion Support for Visual Studio
	EndGlobalSection
	GlobalSection(SolutionConfigurationPlatforms) = preSolution
		Debug|Any CPU = Debug|Any CPU
		Release|Any CPU = Release|Any CPU
	EndGlobalSection
	GlobalSection(ProjectConfigurationPlatforms) = postSolution
		{FEEC034A-F0FF-45C9-B0A1-2FD4ABEEF0CF}.Debug|Any CPU.ActiveCfg = Debug|Any CPU
		{FEEC034A-F0FF-45C9-B0A1-2FD4ABEEF0CF}.Debug|Any CPU.Build.0 = Debug|Any CPU
		{FEEC034A-F0FF-45C9-B0A1-2FD4ABEEF0CF}.Release|Any CPU.ActiveCfg = Release|Any CPU
		{FEEC034A-F0FF-45C9-B0A1-2FD4ABEEF0CF}.Release|Any CPU.Build.0 = Release|Any CPU
		{99E90579-62FC-4898-B168-24F7DBD3A34D}.Debug|Any CPU.ActiveCfg = Debug|Any CPU
		{99E90579-62FC-4898-B168-24F7DBD3A34D}.Debug|Any CPU.Build.0 = Debug|Any CPU
		{99E90579-62FC-4898-B168-24F7DBD3A34D}.Release|Any CPU.ActiveCfg = Release|Any CPU
		{99E90579-62FC-4898-B168-24F7DBD3A34D}.Release|Any CPU.Build.0 = Release|Any CPU
		{5BE35066-03D2-43DA-939D-6B01AE12CFAA}.Debug|Any CPU.ActiveCfg = Debug
		{5BE35066-03D2-43DA-939D-6B01AE12CFAA}.Release|Any CPU.ActiveCfg = Release
	EndGlobalSection
	GlobalSection(SolutionProperties) = preSolution
		HideSolutionNode = FALSE
	EndGlobalSection
EndGlobal
